// !$*UTF8*$!
{
	archiveVersion = 1;
	classes = {
	};
	objectVersion = 46;
	objects = {

/* Begin PBXBuildFile section */
		FF7A407A191E90B800289B20 /* Foundation.framework in Frameworks */ = {isa = PBXBuildFile; fileRef = FF7A4079191E90B800289B20 /* Foundation.framework */; };
		FF7A407C191E90B800289B20 /* CoreGraphics.framework in Frameworks */ = {isa = PBXBuildFile; fileRef = FF7A407B191E90B800289B20 /* CoreGraphics.framework */; };
		FF7A407E191E90B800289B20 /* UIKit.framework in Frameworks */ = {isa = PBXBuildFile; fileRef = FF7A407D191E90B800289B20 /* UIKit.framework */; };
		FF7A4084191E90B800289B20 /* InfoPlist.strings in Resources */ = {isa = PBXBuildFile; fileRef = FF7A4082191E90B800289B20 /* InfoPlist.strings */; };
		FF7A4086191E90B800289B20 /* main.m in Sources */ = {isa = PBXBuildFile; fileRef = FF7A4085191E90B800289B20 /* main.m */; };
		FF7A408A191E90B800289B20 /* AppDelegate.m in Sources */ = {isa = PBXBuildFile; fileRef = FF7A4089191E90B800289B20 /* AppDelegate.m */; };
		FF7A408D191E90B800289B20 /* Main.storyboard in Resources */ = {isa = PBXBuildFile; fileRef = FF7A408B191E90B800289B20 /* Main.storyboard */; };
		FF7A4092191E90B800289B20 /* Images.xcassets in Resources */ = {isa = PBXBuildFile; fileRef = FF7A4091191E90B800289B20 /* Images.xcassets */; };
		FF7A4099191E90B800289B20 /* XCTest.framework in Frameworks */ = {isa = PBXBuildFile; fileRef = FF7A4098191E90B800289B20 /* XCTest.framework */; };
		FF7A409A191E90B800289B20 /* Foundation.framework in Frameworks */ = {isa = PBXBuildFile; fileRef = FF7A4079191E90B800289B20 /* Foundation.framework */; };
		FF7A409B191E90B800289B20 /* UIKit.framework in Frameworks */ = {isa = PBXBuildFile; fileRef = FF7A407D191E90B800289B20 /* UIKit.framework */; };
		FF7A40A3191E90B800289B20 /* InfoPlist.strings in Resources */ = {isa = PBXBuildFile; fileRef = FF7A40A1191E90B800289B20 /* InfoPlist.strings */; };
		FF7A40A5191E90B800289B20 /* GeoPixTests.m in Sources */ = {isa = PBXBuildFile; fileRef = FF7A40A4191E90B800289B20 /* GeoPixTests.m */; };
		FF7A40B3191E927300289B20 /* FlickrAPI.m in Sources */ = {isa = PBXBuildFile; fileRef = FF7A40B1191E927300289B20 /* FlickrAPI.m */; };
		FF7A40B5191E92DD00289B20 /* CoreLocation.framework in Frameworks */ = {isa = PBXBuildFile; fileRef = FF7A40B4191E92DD00289B20 /* CoreLocation.framework */; };
		FF7A40B8191E98BB00289B20 /* HomeViewController.m in Sources */ = {isa = PBXBuildFile; fileRef = FF7A40B7191E98BB00289B20 /* HomeViewController.m */; };
		FF7A40BA191ED72900289B20 /* GameKit.framework in Frameworks */ = {isa = PBXBuildFile; fileRef = FF7A40B9191ED72900289B20 /* GameKit.framework */; };
		FF7A40BC191ED73200289B20 /* iAd.framework in Frameworks */ = {isa = PBXBuildFile; fileRef = FF7A40BB191ED73200289B20 /* iAd.framework */; };
		FF7A40C1191EE46700289B20 /* MapKit.framework in Frameworks */ = {isa = PBXBuildFile; fileRef = FF7A40C0191EE46700289B20 /* MapKit.framework */; };
		FF7A40C7191EE90C00289B20 /* GameKitHelper.m in Sources */ = {isa = PBXBuildFile; fileRef = FF7A40C6191EE90C00289B20 /* GameKitHelper.m */; };
		FF7A40CA1929341000289B20 /* CustomGameViewController.m in Sources */ = {isa = PBXBuildFile; fileRef = FF7A40C91929341000289B20 /* CustomGameViewController.m */; };
		FF7A40CD192B059700289B20 /* MapViewController.m in Sources */ = {isa = PBXBuildFile; fileRef = FF7A40CC192B059700289B20 /* MapViewController.m */; };
		FF7A40D0192B108B00289B20 /* Constants.m in Sources */ = {isa = PBXBuildFile; fileRef = FF7A40CF192B108B00289B20 /* Constants.m */; };
		FF7A40D319314A1B00289B20 /* PuzzleViewController.m in Sources */ = {isa = PBXBuildFile; fileRef = FF7A40D219314A1B00289B20 /* PuzzleViewController.m */; };
		FFB3FCBE1931A12100F4834A /* NSMutableArray_Shuffling.m in Sources */ = {isa = PBXBuildFile; fileRef = FFB3FCBD1931A12100F4834A /* NSMutableArray_Shuffling.m */; };
		FFB3FCC11933CBC700F4834A /* US Cities.plist in Resources */ = {isa = PBXBuildFile; fileRef = FFB3FCC01933CBC700F4834A /* US Cities.plist */; };
		FFB3FCC51933E52E00F4834A /* MapViewAnnotation.m in Sources */ = {isa = PBXBuildFile; fileRef = FFB3FCC41933E52E00F4834A /* MapViewAnnotation.m */; };
		FFB3FCC91934112900F4834A /* LocationView.m in Sources */ = {isa = PBXBuildFile; fileRef = FFB3FCC81934112900F4834A /* LocationView.m */; };
		FFEECF66193BDD140035CE18 /* PuzzleHelper.m in Sources */ = {isa = PBXBuildFile; fileRef = FFEECF65193BDD140035CE18 /* PuzzleHelper.m */; };
		FFEECF69193BF78E0035CE18 /* LeaderboardTableViewCell.m in Sources */ = {isa = PBXBuildFile; fileRef = FFEECF68193BF78E0035CE18 /* LeaderboardTableViewCell.m */; };
/* End PBXBuildFile section */

/* Begin PBXContainerItemProxy section */
		FF7A409C191E90B800289B20 /* PBXContainerItemProxy */ = {
			isa = PBXContainerItemProxy;
			containerPortal = FF7A406E191E90B800289B20 /* Project object */;
			proxyType = 1;
			remoteGlobalIDString = FF7A4075191E90B800289B20;
			remoteInfo = GeoPix;
		};
/* End PBXContainerItemProxy section */

/* Begin PBXFileReference section */
		FF7A4076191E90B800289B20 /* GeoPix.app */ = {isa = PBXFileReference; explicitFileType = wrapper.application; includeInIndex = 0; path = GeoPix.app; sourceTree = BUILT_PRODUCTS_DIR; };
		FF7A4079191E90B800289B20 /* Foundation.framework */ = {isa = PBXFileReference; lastKnownFileType = wrapper.framework; name = Foundation.framework; path = System/Library/Frameworks/Foundation.framework; sourceTree = SDKROOT; };
		FF7A407B191E90B800289B20 /* CoreGraphics.framework */ = {isa = PBXFileReference; lastKnownFileType = wrapper.framework; name = CoreGraphics.framework; path = System/Library/Frameworks/CoreGraphics.framework; sourceTree = SDKROOT; };
		FF7A407D191E90B800289B20 /* UIKit.framework */ = {isa = PBXFileReference; lastKnownFileType = wrapper.framework; name = UIKit.framework; path = System/Library/Frameworks/UIKit.framework; sourceTree = SDKROOT; };
		FF7A4081191E90B800289B20 /* GeoPix-Info.plist */ = {isa = PBXFileReference; lastKnownFileType = text.plist.xml; path = "GeoPix-Info.plist"; sourceTree = "<group>"; };
		FF7A4083191E90B800289B20 /* en */ = {isa = PBXFileReference; lastKnownFileType = text.plist.strings; name = en; path = en.lproj/InfoPlist.strings; sourceTree = "<group>"; };
		FF7A4085191E90B800289B20 /* main.m */ = {isa = PBXFileReference; lastKnownFileType = sourcecode.c.objc; path = main.m; sourceTree = "<group>"; };
		FF7A4087191E90B800289B20 /* GeoPix-Prefix.pch */ = {isa = PBXFileReference; lastKnownFileType = sourcecode.c.h; path = "GeoPix-Prefix.pch"; sourceTree = "<group>"; };
		FF7A4088191E90B800289B20 /* AppDelegate.h */ = {isa = PBXFileReference; lastKnownFileType = sourcecode.c.h; path = AppDelegate.h; sourceTree = "<group>"; };
		FF7A4089191E90B800289B20 /* AppDelegate.m */ = {isa = PBXFileReference; lastKnownFileType = sourcecode.c.objc; path = AppDelegate.m; sourceTree = "<group>"; };
		FF7A408C191E90B800289B20 /* Base */ = {isa = PBXFileReference; lastKnownFileType = file.storyboard; name = Base; path = Base.lproj/Main.storyboard; sourceTree = "<group>"; };
		FF7A4091191E90B800289B20 /* Images.xcassets */ = {isa = PBXFileReference; lastKnownFileType = folder.assetcatalog; path = Images.xcassets; sourceTree = "<group>"; };
		FF7A4097191E90B800289B20 /* GeoPixTests.xctest */ = {isa = PBXFileReference; explicitFileType = wrapper.cfbundle; includeInIndex = 0; path = GeoPixTests.xctest; sourceTree = BUILT_PRODUCTS_DIR; };
		FF7A4098191E90B800289B20 /* XCTest.framework */ = {isa = PBXFileReference; lastKnownFileType = wrapper.framework; name = XCTest.framework; path = Library/Frameworks/XCTest.framework; sourceTree = DEVELOPER_DIR; };
		FF7A40A0191E90B800289B20 /* GeoPixTests-Info.plist */ = {isa = PBXFileReference; lastKnownFileType = text.plist.xml; path = "GeoPixTests-Info.plist"; sourceTree = "<group>"; };
		FF7A40A2191E90B800289B20 /* en */ = {isa = PBXFileReference; lastKnownFileType = text.plist.strings; name = en; path = en.lproj/InfoPlist.strings; sourceTree = "<group>"; };
		FF7A40A4191E90B800289B20 /* GeoPixTests.m */ = {isa = PBXFileReference; lastKnownFileType = sourcecode.c.objc; path = GeoPixTests.m; sourceTree = "<group>"; };
		FF7A40B0191E927300289B20 /* FlickrAPI.h */ = {isa = PBXFileReference; fileEncoding = 4; lastKnownFileType = sourcecode.c.h; path = FlickrAPI.h; sourceTree = "<group>"; };
		FF7A40B1191E927300289B20 /* FlickrAPI.m */ = {isa = PBXFileReference; fileEncoding = 4; lastKnownFileType = sourcecode.c.objc; path = FlickrAPI.m; sourceTree = "<group>"; };
		FF7A40B2191E927300289B20 /* FlickrAPIDelegate.h */ = {isa = PBXFileReference; fileEncoding = 4; lastKnownFileType = sourcecode.c.h; path = FlickrAPIDelegate.h; sourceTree = "<group>"; };
		FF7A40B4191E92DD00289B20 /* CoreLocation.framework */ = {isa = PBXFileReference; lastKnownFileType = wrapper.framework; name = CoreLocation.framework; path = System/Library/Frameworks/CoreLocation.framework; sourceTree = SDKROOT; };
		FF7A40B6191E98BB00289B20 /* HomeViewController.h */ = {isa = PBXFileReference; fileEncoding = 4; lastKnownFileType = sourcecode.c.h; path = HomeViewController.h; sourceTree = "<group>"; };
		FF7A40B7191E98BB00289B20 /* HomeViewController.m */ = {isa = PBXFileReference; fileEncoding = 4; lastKnownFileType = sourcecode.c.objc; path = HomeViewController.m; sourceTree = "<group>"; };
		FF7A40B9191ED72900289B20 /* GameKit.framework */ = {isa = PBXFileReference; lastKnownFileType = wrapper.framework; name = GameKit.framework; path = System/Library/Frameworks/GameKit.framework; sourceTree = SDKROOT; };
		FF7A40BB191ED73200289B20 /* iAd.framework */ = {isa = PBXFileReference; lastKnownFileType = wrapper.framework; name = iAd.framework; path = System/Library/Frameworks/iAd.framework; sourceTree = SDKROOT; };
		FF7A40C0191EE46700289B20 /* MapKit.framework */ = {isa = PBXFileReference; lastKnownFileType = wrapper.framework; name = MapKit.framework; path = System/Library/Frameworks/MapKit.framework; sourceTree = SDKROOT; };
		FF7A40C5191EE90C00289B20 /* GameKitHelper.h */ = {isa = PBXFileReference; fileEncoding = 4; lastKnownFileType = sourcecode.c.h; path = GameKitHelper.h; sourceTree = "<group>"; };
		FF7A40C6191EE90C00289B20 /* GameKitHelper.m */ = {isa = PBXFileReference; fileEncoding = 4; lastKnownFileType = sourcecode.c.objc; path = GameKitHelper.m; sourceTree = "<group>"; };
		FF7A40C81929341000289B20 /* CustomGameViewController.h */ = {isa = PBXFileReference; fileEncoding = 4; lastKnownFileType = sourcecode.c.h; path = CustomGameViewController.h; sourceTree = "<group>"; };
		FF7A40C91929341000289B20 /* CustomGameViewController.m */ = {isa = PBXFileReference; fileEncoding = 4; lastKnownFileType = sourcecode.c.objc; path = CustomGameViewController.m; sourceTree = "<group>"; };
		FF7A40CB192B059700289B20 /* MapViewController.h */ = {isa = PBXFileReference; fileEncoding = 4; lastKnownFileType = sourcecode.c.h; path = MapViewController.h; sourceTree = "<group>"; };
		FF7A40CC192B059700289B20 /* MapViewController.m */ = {isa = PBXFileReference; fileEncoding = 4; lastKnownFileType = sourcecode.c.objc; path = MapViewController.m; sourceTree = "<group>"; };
		FF7A40CE192B0FC200289B20 /* Constants.h */ = {isa = PBXFileReference; lastKnownFileType = sourcecode.c.h; path = Constants.h; sourceTree = "<group>"; };
		FF7A40CF192B108B00289B20 /* Constants.m */ = {isa = PBXFileReference; fileEncoding = 4; lastKnownFileType = sourcecode.c.objc; path = Constants.m; sourceTree = "<group>"; };
		FF7A40D119314A1B00289B20 /* PuzzleViewController.h */ = {isa = PBXFileReference; fileEncoding = 4; lastKnownFileType = sourcecode.c.h; path = PuzzleViewController.h; sourceTree = "<group>"; };
		FF7A40D219314A1B00289B20 /* PuzzleViewController.m */ = {isa = PBXFileReference; fileEncoding = 4; lastKnownFileType = sourcecode.c.objc; path = PuzzleViewController.m; sourceTree = "<group>"; };
		FFB3FCBC1931A12100F4834A /* NSMutableArray_Shuffling.h */ = {isa = PBXFileReference; fileEncoding = 4; lastKnownFileType = sourcecode.c.h; path = NSMutableArray_Shuffling.h; sourceTree = "<group>"; };
		FFB3FCBD1931A12100F4834A /* NSMutableArray_Shuffling.m */ = {isa = PBXFileReference; fileEncoding = 4; lastKnownFileType = sourcecode.c.objc; path = NSMutableArray_Shuffling.m; sourceTree = "<group>"; };
		FFB3FCC01933CBC700F4834A /* US Cities.plist */ = {isa = PBXFileReference; fileEncoding = 4; lastKnownFileType = text.plist.xml; path = "US Cities.plist"; sourceTree = "<group>"; };
		FFB3FCC31933E52E00F4834A /* MapViewAnnotation.h */ = {isa = PBXFileReference; fileEncoding = 4; lastKnownFileType = sourcecode.c.h; path = MapViewAnnotation.h; sourceTree = "<group>"; };
		FFB3FCC41933E52E00F4834A /* MapViewAnnotation.m */ = {isa = PBXFileReference; fileEncoding = 4; lastKnownFileType = sourcecode.c.objc; path = MapViewAnnotation.m; sourceTree = "<group>"; };
		FFB3FCC71934112900F4834A /* LocationView.h */ = {isa = PBXFileReference; fileEncoding = 4; lastKnownFileType = sourcecode.c.h; path = LocationView.h; sourceTree = "<group>"; };
		FFB3FCC81934112900F4834A /* LocationView.m */ = {isa = PBXFileReference; fileEncoding = 4; lastKnownFileType = sourcecode.c.objc; path = LocationView.m; sourceTree = "<group>"; };
		FFEECF64193BDD140035CE18 /* PuzzleHelper.h */ = {isa = PBXFileReference; fileEncoding = 4; lastKnownFileType = sourcecode.c.h; path = PuzzleHelper.h; sourceTree = "<group>"; };
		FFEECF65193BDD140035CE18 /* PuzzleHelper.m */ = {isa = PBXFileReference; fileEncoding = 4; lastKnownFileType = sourcecode.c.objc; path = PuzzleHelper.m; sourceTree = "<group>"; };
		FFEECF67193BF78E0035CE18 /* LeaderboardTableViewCell.h */ = {isa = PBXFileReference; fileEncoding = 4; lastKnownFileType = sourcecode.c.h; path = LeaderboardTableViewCell.h; sourceTree = "<group>"; };
		FFEECF68193BF78E0035CE18 /* LeaderboardTableViewCell.m */ = {isa = PBXFileReference; fileEncoding = 4; lastKnownFileType = sourcecode.c.objc; path = LeaderboardTableViewCell.m; sourceTree = "<group>"; };
/* End PBXFileReference section */

/* Begin PBXFrameworksBuildPhase section */
		FF7A4073191E90B800289B20 /* Frameworks */ = {
			isa = PBXFrameworksBuildPhase;
			buildActionMask = 2147483647;
			files = (
				FF7A40BC191ED73200289B20 /* iAd.framework in Frameworks */,
				FF7A40BA191ED72900289B20 /* GameKit.framework in Frameworks */,
				FF7A40B5191E92DD00289B20 /* CoreLocation.framework in Frameworks */,
				FF7A407C191E90B800289B20 /* CoreGraphics.framework in Frameworks */,
				FF7A40C1191EE46700289B20 /* MapKit.framework in Frameworks */,
				FF7A407E191E90B800289B20 /* UIKit.framework in Frameworks */,
				FF7A407A191E90B800289B20 /* Foundation.framework in Frameworks */,
			);
			runOnlyForDeploymentPostprocessing = 0;
		};
		FF7A4094191E90B800289B20 /* Frameworks */ = {
			isa = PBXFrameworksBuildPhase;
			buildActionMask = 2147483647;
			files = (
				FF7A4099191E90B800289B20 /* XCTest.framework in Frameworks */,
				FF7A409B191E90B800289B20 /* UIKit.framework in Frameworks */,
				FF7A409A191E90B800289B20 /* Foundation.framework in Frameworks */,
			);
			runOnlyForDeploymentPostprocessing = 0;
		};
/* End PBXFrameworksBuildPhase section */

/* Begin PBXGroup section */
		FF7A406D191E90B800289B20 = {
			isa = PBXGroup;
			children = (
				FF7A407F191E90B800289B20 /* GeoPix */,
				FF7A409E191E90B800289B20 /* GeoPixTests */,
				FF7A4078191E90B800289B20 /* Frameworks */,
				FF7A4077191E90B800289B20 /* Products */,
			);
			sourceTree = "<group>";
		};
		FF7A4077191E90B800289B20 /* Products */ = {
			isa = PBXGroup;
			children = (
				FF7A4076191E90B800289B20 /* GeoPix.app */,
				FF7A4097191E90B800289B20 /* GeoPixTests.xctest */,
			);
			name = Products;
			sourceTree = "<group>";
		};
		FF7A4078191E90B800289B20 /* Frameworks */ = {
			isa = PBXGroup;
			children = (
				FF7A40C0191EE46700289B20 /* MapKit.framework */,
				FF7A40BB191ED73200289B20 /* iAd.framework */,
				FF7A40B9191ED72900289B20 /* GameKit.framework */,
				FF7A40B4191E92DD00289B20 /* CoreLocation.framework */,
				FF7A4079191E90B800289B20 /* Foundation.framework */,
				FF7A407B191E90B800289B20 /* CoreGraphics.framework */,
				FF7A407D191E90B800289B20 /* UIKit.framework */,
				FF7A4098191E90B800289B20 /* XCTest.framework */,
			);
			name = Frameworks;
			sourceTree = "<group>";
		};
		FF7A407F191E90B800289B20 /* GeoPix */ = {
			isa = PBXGroup;
			children = (
				FF7A408B191E90B800289B20 /* Main.storyboard */,
				FF7A40AF191E925600289B20 /* APIs */,
				FF7A40C4191EE8D700289B20 /* Helpers */,
				FFB3FCC21933E4FD00F4834A /* Models */,
				FFB3FCC61934111100F4834A /* Views */,
				FF7A40AE191E920E00289B20 /* ViewControllers */,
				FFB3FCBF1933CB9A00F4834A /* Locations */,
				FF7A4088191E90B800289B20 /* AppDelegate.h */,
				FF7A4089191E90B800289B20 /* AppDelegate.m */,
				FF7A4091191E90B800289B20 /* Images.xcassets */,
				FF7A4080191E90B800289B20 /* Supporting Files */,
			);
			path = GeoPix;
			sourceTree = "<group>";
		};
		FF7A4080191E90B800289B20 /* Supporting Files */ = {
			isa = PBXGroup;
			children = (
				FF7A4081191E90B800289B20 /* GeoPix-Info.plist */,
				FF7A4082191E90B800289B20 /* InfoPlist.strings */,
				FF7A4085191E90B800289B20 /* main.m */,
				FF7A4087191E90B800289B20 /* GeoPix-Prefix.pch */,
			);
			name = "Supporting Files";
			sourceTree = "<group>";
		};
		FF7A409E191E90B800289B20 /* GeoPixTests */ = {
			isa = PBXGroup;
			children = (
				FF7A40A4191E90B800289B20 /* GeoPixTests.m */,
				FF7A409F191E90B800289B20 /* Supporting Files */,
			);
			path = GeoPixTests;
			sourceTree = "<group>";
		};
		FF7A409F191E90B800289B20 /* Supporting Files */ = {
			isa = PBXGroup;
			children = (
				FF7A40A0191E90B800289B20 /* GeoPixTests-Info.plist */,
				FF7A40A1191E90B800289B20 /* InfoPlist.strings */,
			);
			name = "Supporting Files";
			sourceTree = "<group>";
		};
		FF7A40AE191E920E00289B20 /* ViewControllers */ = {
			isa = PBXGroup;
			children = (
				FF7A40C81929341000289B20 /* CustomGameViewController.h */,
				FF7A40C91929341000289B20 /* CustomGameViewController.m */,
				FF7A40B6191E98BB00289B20 /* HomeViewController.h */,
				FF7A40B7191E98BB00289B20 /* HomeViewController.m */,
				FF7A40CB192B059700289B20 /* MapViewController.h */,
				FF7A40CC192B059700289B20 /* MapViewController.m */,
				FF7A40D119314A1B00289B20 /* PuzzleViewController.h */,
				FF7A40D219314A1B00289B20 /* PuzzleViewController.m */,
			);
			name = ViewControllers;
			sourceTree = "<group>";
		};
		FF7A40AF191E925600289B20 /* APIs */ = {
			isa = PBXGroup;
			children = (
				FF7A40B0191E927300289B20 /* FlickrAPI.h */,
				FF7A40B1191E927300289B20 /* FlickrAPI.m */,
				FF7A40B2191E927300289B20 /* FlickrAPIDelegate.h */,
			);
			name = APIs;
			sourceTree = "<group>";
		};
		FF7A40C4191EE8D700289B20 /* Helpers */ = {
			isa = PBXGroup;
			children = (
				FFB3FCBC1931A12100F4834A /* NSMutableArray_Shuffling.h */,
				FFB3FCBD1931A12100F4834A /* NSMutableArray_Shuffling.m */,
				FF7A40C5191EE90C00289B20 /* GameKitHelper.h */,
				FF7A40C6191EE90C00289B20 /* GameKitHelper.m */,
				FF7A40CE192B0FC200289B20 /* Constants.h */,
				FF7A40CF192B108B00289B20 /* Constants.m */,
				FFEECF64193BDD140035CE18 /* PuzzleHelper.h */,
				FFEECF65193BDD140035CE18 /* PuzzleHelper.m */,
			);
			name = Helpers;
			sourceTree = "<group>";
		};
		FFB3FCBF1933CB9A00F4834A /* Locations */ = {
			isa = PBXGroup;
			children = (
				FFB3FCC01933CBC700F4834A /* US Cities.plist */,
			);
			name = Locations;
			sourceTree = "<group>";
		};
		FFB3FCC21933E4FD00F4834A /* Models */ = {
			isa = PBXGroup;
			children = (
				FFB3FCC31933E52E00F4834A /* MapViewAnnotation.h */,
				FFB3FCC41933E52E00F4834A /* MapViewAnnotation.m */,
			);
			name = Models;
			sourceTree = "<group>";
		};
		FFB3FCC61934111100F4834A /* Views */ = {
			isa = PBXGroup;
			children = (
				FFB3FCC71934112900F4834A /* LocationView.h */,
				FFB3FCC81934112900F4834A /* LocationView.m */,
				FFEECF67193BF78E0035CE18 /* LeaderboardTableViewCell.h */,
				FFEECF68193BF78E0035CE18 /* LeaderboardTableViewCell.m */,
			);
			name = Views;
			sourceTree = "<group>";
		};
/* End PBXGroup section */

/* Begin PBXNativeTarget section */
		FF7A4075191E90B800289B20 /* GeoPix */ = {
			isa = PBXNativeTarget;
			buildConfigurationList = FF7A40A8191E90B800289B20 /* Build configuration list for PBXNativeTarget "GeoPix" */;
			buildPhases = (
				FF7A4072191E90B800289B20 /* Sources */,
				FF7A4073191E90B800289B20 /* Frameworks */,
				FF7A4074191E90B800289B20 /* Resources */,
			);
			buildRules = (
			);
			dependencies = (
			);
			name = GeoPix;
			productName = GeoPix;
			productReference = FF7A4076191E90B800289B20 /* GeoPix.app */;
			productType = "com.apple.product-type.application";
		};
		FF7A4096191E90B800289B20 /* GeoPixTests */ = {
			isa = PBXNativeTarget;
			buildConfigurationList = FF7A40AB191E90B800289B20 /* Build configuration list for PBXNativeTarget "GeoPixTests" */;
			buildPhases = (
				FF7A4093191E90B800289B20 /* Sources */,
				FF7A4094191E90B800289B20 /* Frameworks */,
				FF7A4095191E90B800289B20 /* Resources */,
			);
			buildRules = (
			);
			dependencies = (
				FF7A409D191E90B800289B20 /* PBXTargetDependency */,
			);
			name = GeoPixTests;
			productName = GeoPixTests;
			productReference = FF7A4097191E90B800289B20 /* GeoPixTests.xctest */;
			productType = "com.apple.product-type.bundle.unit-test";
		};
/* End PBXNativeTarget section */

/* Begin PBXProject section */
		FF7A406E191E90B800289B20 /* Project object */ = {
			isa = PBXProject;
			attributes = {
				LastUpgradeCheck = 0510;
				ORGANIZATIONNAME = "Devoir Software";
				TargetAttributes = {
					FF7A4075191E90B800289B20 = {
						DevelopmentTeam = 477J3Z26K8;
						SystemCapabilities = {
							com.apple.iOS = {
								enabled = 1;
							};
						};
					};
					FF7A4096191E90B800289B20 = {
						TestTargetID = FF7A4075191E90B800289B20;
					};
				};
			};
			buildConfigurationList = FF7A4071191E90B800289B20 /* Build configuration list for PBXProject "GeoPix" */;
			compatibilityVersion = "Xcode 3.2";
			developmentRegion = English;
			hasScannedForEncodings = 0;
			knownRegions = (
				en,
				Base,
			);
			mainGroup = FF7A406D191E90B800289B20;
			productRefGroup = FF7A4077191E90B800289B20 /* Products */;
			projectDirPath = "";
			projectRoot = "";
			targets = (
				FF7A4075191E90B800289B20 /* GeoPix */,
				FF7A4096191E90B800289B20 /* GeoPixTests */,
			);
		};
/* End PBXProject section */

/* Begin PBXResourcesBuildPhase section */
		FF7A4074191E90B800289B20 /* Resources */ = {
			isa = PBXResourcesBuildPhase;
			buildActionMask = 2147483647;
			files = (
				FF7A4092191E90B800289B20 /* Images.xcassets in Resources */,
				FF7A4084191E90B800289B20 /* InfoPlist.strings in Resources */,
				FF7A408D191E90B800289B20 /* Main.storyboard in Resources */,
				FFB3FCC11933CBC700F4834A /* US Cities.plist in Resources */,
			);
			runOnlyForDeploymentPostprocessing = 0;
		};
		FF7A4095191E90B800289B20 /* Resources */ = {
			isa = PBXResourcesBuildPhase;
			buildActionMask = 2147483647;
			files = (
				FF7A40A3191E90B800289B20 /* InfoPlist.strings in Resources */,
			);
			runOnlyForDeploymentPostprocessing = 0;
		};
/* End PBXResourcesBuildPhase section */

/* Begin PBXSourcesBuildPhase section */
		FF7A4072191E90B800289B20 /* Sources */ = {
			isa = PBXSourcesBuildPhase;
			buildActionMask = 2147483647;
			files = (
				FF7A40B3191E927300289B20 /* FlickrAPI.m in Sources */,
				FF7A408A191E90B800289B20 /* AppDelegate.m in Sources */,
				FF7A40C7191EE90C00289B20 /* GameKitHelper.m in Sources */,
				FF7A40CD192B059700289B20 /* MapViewController.m in Sources */,
				FF7A40D319314A1B00289B20 /* PuzzleViewController.m in Sources */,
				FFB3FCC51933E52E00F4834A /* MapViewAnnotation.m in Sources */,
				FFEECF66193BDD140035CE18 /* PuzzleHelper.m in Sources */,
				FF7A40CA1929341000289B20 /* CustomGameViewController.m in Sources */,
				FF7A4086191E90B800289B20 /* main.m in Sources */,
				FFEECF69193BF78E0035CE18 /* LeaderboardTableViewCell.m in Sources */,
				FFB3FCBE1931A12100F4834A /* NSMutableArray_Shuffling.m in Sources */,
				FFB3FCC91934112900F4834A /* LocationView.m in Sources */,
				FF7A40B8191E98BB00289B20 /* HomeViewController.m in Sources */,
				FF7A40D0192B108B00289B20 /* Constants.m in Sources */,
			);
			runOnlyForDeploymentPostprocessing = 0;
		};
		FF7A4093191E90B800289B20 /* Sources */ = {
			isa = PBXSourcesBuildPhase;
			buildActionMask = 2147483647;
			files = (
				FF7A40A5191E90B800289B20 /* GeoPixTests.m in Sources */,
			);
			runOnlyForDeploymentPostprocessing = 0;
		};
/* End PBXSourcesBuildPhase section */

/* Begin PBXTargetDependency section */
		FF7A409D191E90B800289B20 /* PBXTargetDependency */ = {
			isa = PBXTargetDependency;
			target = FF7A4075191E90B800289B20 /* GeoPix */;
			targetProxy = FF7A409C191E90B800289B20 /* PBXContainerItemProxy */;
		};
/* End PBXTargetDependency section */

/* Begin PBXVariantGroup section */
		FF7A4082191E90B800289B20 /* InfoPlist.strings */ = {
			isa = PBXVariantGroup;
			children = (
				FF7A4083191E90B800289B20 /* en */,
			);
			name = InfoPlist.strings;
			sourceTree = "<group>";
		};
		FF7A408B191E90B800289B20 /* Main.storyboard */ = {
			isa = PBXVariantGroup;
			children = (
				FF7A408C191E90B800289B20 /* Base */,
			);
			name = Main.storyboard;
			sourceTree = "<group>";
		};
		FF7A40A1191E90B800289B20 /* InfoPlist.strings */ = {
			isa = PBXVariantGroup;
			children = (
				FF7A40A2191E90B800289B20 /* en */,
			);
			name = InfoPlist.strings;
			sourceTree = "<group>";
		};
/* End PBXVariantGroup section */

/* Begin XCBuildConfiguration section */
		FF7A40A6191E90B800289B20 /* Debug */ = {
			isa = XCBuildConfiguration;
			buildSettings = {
				ALWAYS_SEARCH_USER_PATHS = NO;
				CLANG_CXX_LANGUAGE_STANDARD = "gnu++0x";
				CLANG_CXX_LIBRARY = "libc++";
				CLANG_ENABLE_MODULES = YES;
				CLANG_ENABLE_OBJC_ARC = YES;
				CLANG_WARN_BOOL_CONVERSION = YES;
				CLANG_WARN_CONSTANT_CONVERSION = YES;
				CLANG_WARN_DIRECT_OBJC_ISA_USAGE = YES_ERROR;
				CLANG_WARN_EMPTY_BODY = YES;
				CLANG_WARN_ENUM_CONVERSION = YES;
				CLANG_WARN_INT_CONVERSION = YES;
				CLANG_WARN_OBJC_ROOT_CLASS = YES_ERROR;
				CLANG_WARN__DUPLICATE_METHOD_MATCH = YES;
				"CODE_SIGN_IDENTITY[sdk=iphoneos*]" = "iPhone Developer";
				COPY_PHASE_STRIP = NO;
				GCC_C_LANGUAGE_STANDARD = gnu99;
				GCC_DYNAMIC_NO_PIC = NO;
				GCC_OPTIMIZATION_LEVEL = 0;
				GCC_PREPROCESSOR_DEFINITIONS = (
					"DEBUG=1",
					"$(inherited)",
				);
				GCC_SYMBOLS_PRIVATE_EXTERN = NO;
				GCC_WARN_64_TO_32_BIT_CONVERSION = YES;
				GCC_WARN_ABOUT_RETURN_TYPE = YES_ERROR;
				GCC_WARN_UNDECLARED_SELECTOR = YES;
				GCC_WARN_UNINITIALIZED_AUTOS = YES_AGGRESSIVE;
				GCC_WARN_UNUSED_FUNCTION = YES;
				GCC_WARN_UNUSED_VARIABLE = YES;
				IPHONEOS_DEPLOYMENT_TARGET = 7.1;
				ONLY_ACTIVE_ARCH = YES;
				SDKROOT = iphoneos;
			};
			name = Debug;
		};
		FF7A40A7191E90B800289B20 /* Release */ = {
			isa = XCBuildConfiguration;
			buildSettings = {
				ALWAYS_SEARCH_USER_PATHS = NO;
				CLANG_CXX_LANGUAGE_STANDARD = "gnu++0x";
				CLANG_CXX_LIBRARY = "libc++";
				CLANG_ENABLE_MODULES = YES;
				CLANG_ENABLE_OBJC_ARC = YES;
				CLANG_WARN_BOOL_CONVERSION = YES;
				CLANG_WARN_CONSTANT_CONVERSION = YES;
				CLANG_WARN_DIRECT_OBJC_ISA_USAGE = YES_ERROR;
				CLANG_WARN_EMPTY_BODY = YES;
				CLANG_WARN_ENUM_CONVERSION = YES;
				CLANG_WARN_INT_CONVERSION = YES;
				CLANG_WARN_OBJC_ROOT_CLASS = YES_ERROR;
				CLANG_WARN__DUPLICATE_METHOD_MATCH = YES;
				"CODE_SIGN_IDENTITY[sdk=iphoneos*]" = "iPhone Developer";
				COPY_PHASE_STRIP = YES;
				ENABLE_NS_ASSERTIONS = NO;
				GCC_C_LANGUAGE_STANDARD = gnu99;
				GCC_WARN_64_TO_32_BIT_CONVERSION = YES;
				GCC_WARN_ABOUT_RETURN_TYPE = YES_ERROR;
				GCC_WARN_UNDECLARED_SELECTOR = YES;
				GCC_WARN_UNINITIALIZED_AUTOS = YES_AGGRESSIVE;
				GCC_WARN_UNUSED_FUNCTION = YES;
				GCC_WARN_UNUSED_VARIABLE = YES;
				IPHONEOS_DEPLOYMENT_TARGET = 7.1;
				SDKROOT = iphoneos;
				VALIDATE_PRODUCT = YES;
			};
			name = Release;
		};
		FF7A40A9191E90B800289B20 /* Debug */ = {
			isa = XCBuildConfiguration;
			buildSettings = {
				ASSETCATALOG_COMPILER_APPICON_NAME = AppIcon;
				ASSETCATALOG_COMPILER_LAUNCHIMAGE_NAME = LaunchImage;
				CODE_SIGN_IDENTITY = "iPhone Developer";
				GCC_PRECOMPILE_PREFIX_HEADER = YES;
				GCC_PREFIX_HEADER = "GeoPix/GeoPix-Prefix.pch";
				INFOPLIST_FILE = "GeoPix/GeoPix-Info.plist";
				PRODUCT_NAME = "$(TARGET_NAME)";
				WRAPPER_EXTENSION = app;
			};
			name = Debug;
		};
		FF7A40AA191E90B800289B20 /* Release */ = {
			isa = XCBuildConfiguration;
			buildSettings = {
				ASSETCATALOG_COMPILER_APPICON_NAME = AppIcon;
				ASSETCATALOG_COMPILER_LAUNCHIMAGE_NAME = LaunchImage;
				CODE_SIGN_IDENTITY = "iPhone Developer";
				GCC_PRECOMPILE_PREFIX_HEADER = YES;
				GCC_PREFIX_HEADER = "GeoPix/GeoPix-Prefix.pch";
				INFOPLIST_FILE = "GeoPix/GeoPix-Info.plist";
				PRODUCT_NAME = "$(TARGET_NAME)";
				WRAPPER_EXTENSION = app;
			};
			name = Release;
		};
		FF7A40AC191E90B800289B20 /* Debug */ = {
			isa = XCBuildConfiguration;
			buildSettings = {
				BUNDLE_LOADER = "$(BUILT_PRODUCTS_DIR)/GeoPix.app/GeoPix";
				FRAMEWORK_SEARCH_PATHS = (
					"$(SDKROOT)/Developer/Library/Frameworks",
					"$(inherited)",
					"$(DEVELOPER_FRAMEWORKS_DIR)",
				);
				GCC_PRECOMPILE_PREFIX_HEADER = YES;
				GCC_PREFIX_HEADER = "GeoPix/GeoPix-Prefix.pch";
				GCC_PREPROCESSOR_DEFINITIONS = (
					"DEBUG=1",
					"$(inherited)",
				);
				INFOPLIST_FILE = "GeoPixTests/GeoPixTests-Info.plist";
				PRODUCT_NAME = "$(TARGET_NAME)";
				TEST_HOST = "$(BUNDLE_LOADER)";
				WRAPPER_EXTENSION = xctest;
			};
			name = Debug;
		};
		FF7A40AD191E90B800289B20 /* Release */ = {
			isa = XCBuildConfiguration;
			buildSettings = {
				BUNDLE_LOADER = "$(BUILT_PRODUCTS_DIR)/GeoPix.app/GeoPix";
				FRAMEWORK_SEARCH_PATHS = (
					"$(SDKROOT)/Developer/Library/Frameworks",
					"$(inherited)",
					"$(DEVELOPER_FRAMEWORKS_DIR)",
				);
				GCC_PRECOMPILE_PREFIX_HEADER = YES;
				GCC_PREFIX_HEADER = "GeoPix/GeoPix-Prefix.pch";
				INFOPLIST_FILE = "GeoPixTests/GeoPixTests-Info.plist";
				PRODUCT_NAME = "$(TARGET_NAME)";
				TEST_HOST = "$(BUNDLE_LOADER)";
				WRAPPER_EXTENSION = xctest;
			};
			name = Release;
		};
/* End XCBuildConfiguration section */

/* Begin XCConfigurationList section */
		FF7A4071191E90B800289B20 /* Build configuration list for PBXProject "GeoPix" */ = {
			isa = XCConfigurationList;
			buildConfigurations = (
				FF7A40A6191E90B800289B20 /* Debug */,
				FF7A40A7191E90B800289B20 /* Release */,
			);
			defaultConfigurationIsVisible = 0;
			defaultConfigurationName = Release;
		};
		FF7A40A8191E90B800289B20 /* Build configuration list for PBXNativeTarget "GeoPix" */ = {
			isa = XCConfigurationList;
			buildConfigurations = (
				FF7A40A9191E90B800289B20 /* Debug */,
				FF7A40AA191E90B800289B20 /* Release */,
			);
			defaultConfigurationIsVisible = 0;
			defaultConfigurationName = Release;
		};
		FF7A40AB191E90B800289B20 /* Build configuration list for PBXNativeTarget "GeoPixTests" */ = {
			isa = XCConfigurationList;
			buildConfigurations = (
				FF7A40AC191E90B800289B20 /* Debug */,
				FF7A40AD191E90B800289B20 /* Release */,
			);
			defaultConfigurationIsVisible = 0;
			defaultConfigurationName = Release;
		};
/* End XCConfigurationList section */
	};
	rootObject = FF7A406E191E90B800289B20 /* Project object */;
}
